
Microsoft Visual Studio Solution File, Format Version 12.00
# Visual Studio Version 17
VisualStudioVersion = 17.4.33205.214
MinimumVisualStudioVersion = 10.0.40219.1
Project("{888888A0-9F3D-457C-B088-3A5042F75D52}") = "DadosRandum", "DadosRandum\DadosRandum.pyproj", "{591006EF-B954-4C4D-8CE4-CF43A5241AA2}"
EndProject
Global
	GlobalSection(SolutionConfigurationPlatforms) = preSolution
		Debug|Any CPU = Debug|Any CPU
		Release|Any CPU = Release|Any CPU
	EndGlobalSection
	GlobalSection(ProjectConfigurationPlatforms) = postSolution
		{591006EF-B954-4C4D-8CE4-CF43A5241AA2}.Debug|Any CPU.ActiveCfg = Debug|Any CPU
		{591006EF-B954-4C4D-8CE4-CF43A5241AA2}.Release|Any CPU.ActiveCfg = Release|Any CPU
	EndGlobalSection
	GlobalSection(SolutionProperties) = preSolution
		HideSolutionNode = FALSE
	EndGlobalSection
	GlobalSection(ExtensibilityGlobals) = postSolution
		SolutionGuid = {4AF4F6D0-D24D-4234-A31D-D8BDB320C4B3}
	EndGlobalSection
EndGlobal
