
Microsoft Visual Studio Solution File, Format Version 12.00
# Visual Studio Version 17
VisualStudioVersion = 17.4.33205.214
MinimumVisualStudioVersion = 10.0.40219.1
Project("{FAE04EC0-301F-11D3-BF4B-00C04F79EFBC}") = "CalculoDePi", "CalculoDePi\CalculoDePi.csproj", "{F96193CD-4577-4CDF-A21C-894C060D121F}"
EndProject
Global
	GlobalSection(SolutionConfigurationPlatforms) = preSolution
		Debug|Any CPU = Debug|Any CPU
		Release|Any CPU = Release|Any CPU
	EndGlobalSection
	GlobalSection(ProjectConfigurationPlatforms) = postSolution
		{F96193CD-4577-4CDF-A21C-894C060D121F}.Debug|Any CPU.ActiveCfg = Debug|Any CPU
		{F96193CD-4577-4CDF-A21C-894C060D121F}.Debug|Any CPU.Build.0 = Debug|Any CPU
		{F96193CD-4577-4CDF-A21C-894C060D121F}.Release|Any CPU.ActiveCfg = Release|Any CPU
		{F96193CD-4577-4CDF-A21C-894C060D121F}.Release|Any CPU.Build.0 = Release|Any CPU
	EndGlobalSection
	GlobalSection(SolutionProperties) = preSolution
		HideSolutionNode = FALSE
	EndGlobalSection
	GlobalSection(ExtensibilityGlobals) = postSolution
		SolutionGuid = {0380F10B-5955-4207-955D-EA5DE0690B5D}
	EndGlobalSection
EndGlobal
